
Microsoft Visual Studio Solution File, Format Version 12.00
# Visual Studio 15
VisualStudioVersion = 15.0.28307.421
MinimumVisualStudioVersion = 10.0.40219.1
Project("{8BC9CEB8-8B4A-11D0-8D11-00A0C91BC942}") = "DXGame", "DXGame\DXGame.vcxproj", "{5C9E2997-32D2-4A30-BFC4-310803F110ED}"
EndProject
Global
	GlobalSection(SolutionConfigurationPlatforms) = preSolution
		Debug|x64 = Debug|x64
		Debug|x86 = Debug|x86
		Release|x64 = Release|x64
		Release|x86 = Release|x86
	EndGlobalSection
	GlobalSection(ProjectConfigurationPlatforms) = postSolution
		{5C9E2997-32D2-4A30-BFC4-310803F110ED}.Debug|x64.ActiveCfg = Debug|x64
		{5C9E2997-32D2-4A30-BFC4-310803F110ED}.Debug|x64.Build.0 = Debug|x64
		{5C9E2997-32D2-4A30-BFC4-310803F110ED}.Debug|x86.ActiveCfg = Debug|Win32
		{5C9E2997-32D2-4A30-BFC4-310803F110ED}.Debug|x86.Build.0 = Debug|Win32
		{5C9E2997-32D2-4A30-BFC4-310803F110ED}.Release|x64.ActiveCfg = Release|x64
		{5C9E2997-32D2-4A30-BFC4-310803F110ED}.Release|x64.Build.0 = Release|x64
		{5C9E2997-32D2-4A30-BFC4-310803F110ED}.Release|x86.ActiveCfg = Release|Win32
		{5C9E2997-32D2-4A30-BFC4-310803F110ED}.Release|x86.Build.0 = Release|Win32
	EndGlobalSection
	GlobalSection(SolutionProperties) = preSolution
		HideSolutionNode = FALSE
	EndGlobalSection
	GlobalSection(ExtensibilityGlobals) = postSolution
		SolutionGuid = {F9F1455D-AFC7-436E-86B0-8C533CB01538}
	EndGlobalSection
EndGlobal
